
Microsoft Visual Studio Solution File, Format Version 12.00
# Visual Studio Version 16
VisualStudioVersion = 25.0.1706.3
MinimumVisualStudioVersion = 10.0.40219.1
Project("{FAE04EC0-301F-11D3-BF4B-00C04F79EFBC}") = "YatingAsrClient", "YatingAsrClient.csproj", "{5AEE674B-13F0-42E0-9FE3-6A8906AE7527}"
EndProject
Global
	GlobalSection(SolutionConfigurationPlatforms) = preSolution
		Debug|Any CPU = Debug|Any CPU
		Release|Any CPU = Release|Any CPU
	EndGlobalSection
	GlobalSection(ProjectConfigurationPlatforms) = postSolution
		{5AEE674B-13F0-42E0-9FE3-6A8906AE7527}.Debug|Any CPU.ActiveCfg = Debug|Any CPU
		{5AEE674B-13F0-42E0-9FE3-6A8906AE7527}.Debug|Any CPU.Build.0 = Debug|Any CPU
		{5AEE674B-13F0-42E0-9FE3-6A8906AE7527}.Release|Any CPU.ActiveCfg = Release|Any CPU
		{5AEE674B-13F0-42E0-9FE3-6A8906AE7527}.Release|Any CPU.Build.0 = Release|Any CPU
	EndGlobalSection
	GlobalSection(SolutionProperties) = preSolution
		HideSolutionNode = FALSE
	EndGlobalSection
	GlobalSection(ExtensibilityGlobals) = postSolution
		SolutionGuid = {F201ACBE-12E8-4667-8DA1-F078945FFE9C}
	EndGlobalSection
EndGlobal
